{
    "_meta": {
        "hash": {
            "sha256": "9066890badca4d8e7f688ac52a1f6dfb776aff05e7cbe434ba95e0863960487e"
        },
        "pipfile-spec": 6,
        "requires": {
            "python_version": "3.9"
        },
        "sources": [
            {
                "name": "pypi",
                "url": "https://pypi.org/simple",
                "verify_ssl": true
            }
        ]
    },
    "default": {
        "numpy": {
            "hashes": [
                "sha256:032be656d89bbf786d743fee11d01ef318b0781281241997558fa7950028dd29",
                "sha256:104f5e90b143dbf298361a99ac1af4cf59131218a045ebf4ee5990b83cff5fab",
                "sha256:125a0e10ddd99a874fd357bfa1b636cd58deb78ba4a30b5ddb09f645c3512e04",
                "sha256:12e4ba5c6420917571f1a5becc9338abbde71dd811ce40b37ba62dec7b39af6d",
                "sha256:13adf545732bb23a796914fe5f891a12bd74cf3d2986eed7b7eba2941eea1590",
                "sha256:2d7e27442599104ee08f4faed56bb87c55f8b10a5494ac2ead5c98a4b289e61f",
                "sha256:3bc63486a870294683980d76ec1e3efc786295ae00128f9ea38e2c6e74d5a60a",
                "sha256:3d3087e24e354c18fb35c454026af3ed8997cfd4997765266897c68d724e4845",
                "sha256:4ed8e96dc146e12c1c5cdd6fb9fd0757f2ba66048bf94c5126b7efebd12d0090",
                "sha256:60759ab15c94dd0e1ed88241fd4fa3312db4e91d2c8f5a2d4cf3863fad83d65b",
                "sha256:65410c7f4398a0047eea5cca9b74009ea61178efd78d1be9847fac1d6716ec1e",
                "sha256:66b467adfcf628f66ea4ac6430ded0614f5cc06ba530d09571ea404789064adc",
                "sha256:7199109fa46277be503393be9250b983f325880766f847885607d9b13848f257",
                "sha256:72251e43ac426ff98ea802a931922c79b8d7596480300eb9f1b1e45e0543571e",
                "sha256:89e5336f2bec0c726ac7e7cdae181b325a9c0ee24e604704ed830d241c5e47ff",
                "sha256:89f937b13b8dd17b0099c7c2e22066883c86ca1575a975f754babc8fbf8d69a9",
                "sha256:9c94cab5054bad82a70b2e77741271790304651d584e2cdfe2041488e753863b",
                "sha256:9eb551d122fadca7774b97db8a112b77231dcccda8e91a5bc99e79890797175e",
                "sha256:a1d7995d1023335e67fb070b2fae6f5968f5be3802b15ad6d79d81ecaa014fe0",
                "sha256:ae61f02b84a0211abb56462a3b6cd1e7ec39d466d3160eb4e1da8bf6717cdbeb",
                "sha256:b9410c0b6fed4a22554f072a86c361e417f0258838957b78bd063bde2c7f841f",
                "sha256:c26287dfc888cf1e65181f39ea75e11f42ffc4f4529e5bd19add57ad458996e2",
                "sha256:c91ec9569facd4757ade0888371eced2ecf49e7982ce5634cc2cf4e7331a4b14",
                "sha256:ecb5b74c702358cdc21268ff4c37f7466357871f53a30e6f84c686952bef16a9"
            ],
            "markers": "python_version >= '3.7'",
            "version": "==1.20.1"
        },
        "onnx": {
            "hashes": [
                "sha256:0f017841195bb3fb018d8ff824ea27a960c5c54cbd36b247917c1005922d2eee",
                "sha256:268962d72c7d80c2e3c9b8a720b0c1b4c32ed8f597ae710402d2b22bca87f4aa",
                "sha256:32aa9b5d980ba63b22d37a04f5bb238f51de352a857e8997625773989654b7ff",
                "sha256:3429cca26a1f07d703926d89101f7a6c030a3a4f9a82fcb03dd886743ddf1d61",
                "sha256:351a63ff781a9b9c21a616d0cf76ed11cb5109edff7bd83335198b71c3b77209",
                "sha256:436b4368f82d4a7e0ec7b0167ec750e49c91d477a6e889a4cb583f957a4de5cd",
                "sha256:5582e15df5aad66da287fe7ea3831a2223f3cb26a213aa8e3168bc0a87787108",
                "sha256:5b72489c7eb9ed6faa16d2f8dfd42d4db0fc5edbda3625148bdcd76074b238f1",
                "sha256:5f621bc9a1e6003af934fa7bf98f0690cd45735d90c617282d4d165620ec015d",
                "sha256:688cac8abda98f100091331cabc147da0687ee49b940dfb8cff6ec77735561b7",
                "sha256:763407eb4cbb92e34e3287220969a02567a235cb0e17923eafa8f78c7035a689",
                "sha256:7b4b4a9e3e45b4d308cf0182e9759cb8c97a3b17d64bf3c4dd6bb8fd39a1728a",
                "sha256:88ff722c2cdc4a018d536a8601f208daf182f4c1b4de0b59ba57f5e01d7cb9f4",
                "sha256:9d65c52009a90499f8c25fdfe5acda3ac88efe0788eb1d5f2575a989277145fb",
                "sha256:b14fb8e50d7a30f4f64072956026d85c1727ee06c5d20b72e3d1a66b028a1d15",
                "sha256:b24a31051ee7ea2e3b2ba9d139e5fca404ca3e3d5d6537fe6884d55be0be1ccb",
                "sha256:c2a451137c9f6a1b5e22bdd998b358b7f34a5779b4947d9fa8e248acb190f7a3",
                "sha256:c314eefd14bb822c4868504b30be39991196a61ae8dd81e535935b6ed6ea9eee",
                "sha256:cd18c7499162dd2c8c7e45669f2e7096012b9054b59670c26c5f1239b5c50ce4",
                "sha256:d858b34b8152dce8ac37733616021ff4aa073c49ffbeb33f56d76fb3eee8464e",
                "sha256:f344060b5defe29fa6b088760ea2d59a9542df4d6590e8dca338b7018e3343ef"
            ],
            "index": "pypi",
            "version": "==1.8.1"
        },
        "onnxruntime": {
            "hashes": [
                "sha256:01935acdfa1296a959782c0953676f374e81a0db23fac3de50054487a4bc9afc",
                "sha256:0540295b125b4fa73bf120180ec15bf22ea6b4fe495d4623680ed266e12923ad",
                "sha256:0765c0596b24f50feaf4f7e02ba3955da167a6ab2373b6e74dde4e00cd27eeef",
                "sha256:27f79cf2846e8ec58112dc6c8b7378dd6b0310b19a7f3ac3d0b852a6d4c9209c",
                "sha256:68c8809117d7043ccdfd214de9210fcf0b7077698841cde4df0552c86aa24a57",
                "sha256:6a4d8b4d7a7c5d92e647b95df8c3ebed3b3612e27a3cb0a85f99c34d45a52df9",
                "sha256:88728ac850c9667681a18524b2e36bc05a6bedfbad3c616c253868f7099c7bde",
                "sha256:8f7d606524c01ec441602de26f91ec051c9b686856aec22782f7f3c637b31896",
                "sha256:9857958d0299167c78fac9e4e279f1373cb1990224a17fa434b7be7c2434611e",
                "sha256:9b76c3c7557c0242b03af5cfd1ddb6ce049b6db4875e29294651f4369d437289",
                "sha256:b59028c2fc61ff7dcc3399af318cd64133267a4b8b3bf89784fe1c251c8fe251",
                "sha256:c4e5c5193718163befd0c8f690aa11a9dcb39dc6366f70b926eef44a89cdedf6",
                "sha256:ca115a16bbd692e2ce3ad82968ce61e2e72057ee08b2151b98a18795fd651f22",
                "sha256:dd6af4fdb0bbf56b8f85e2f78b354a16307f2841539acaf1549abe7ca4ec3a23",
                "sha256:f437b880ecbe2d7bcd3136e1ce0ede6fb7da8fad8eb1f612a7a2e7f765b4572b",
                "sha256:ffb768f15fe70f14009d33ef4913bfd8b791f2c76ef354a389471c99e5770378"
            ],
            "index": "pypi",
            "version": "==1.7.0"
        },
        "protobuf": {
            "hashes": [
                "sha256:0f2da2fcc4102b6c3b57f03c9d8d5e37c63f8bc74deaa6cb54e0cc4524a77247",
                "sha256:1655fc0ba7402560d749de13edbfca1ac45d1753d8f4e5292989f18f5a00c215",
                "sha256:1771ef20e88759c4d81db213e89b7a1fc53937968e12af6603c658ee4bcbfa38",
                "sha256:1a66261a402d05c8ad8c1fde8631837307bf8d7e7740a4f3941fc3277c2e1528",
                "sha256:24f4697f57b8520c897a401b7f9a5ae45c369e22c572e305dfaf8053ecb49687",
                "sha256:256c0b2e338c1f3228d3280707606fe5531fde85ab9d704cde6fdeb55112531f",
                "sha256:2b974519a2ae83aa1e31cff9018c70bbe0e303a46a598f982943c49ae1d4fcd3",
                "sha256:30fe4249a364576f9594180589c3f9c4771952014b5f77f0372923fc7bafbbe2",
                "sha256:45a91fc6f9aa86d3effdeda6751882b02de628519ba06d7160daffde0c889ff8",
                "sha256:70054ae1ce5dea7dec7357db931fcf487f40ea45b02cb719ee6af07eb1e906fb",
                "sha256:74ac159989e2b02d761188a2b6f4601ff5e494d9b9d863f5ad6e98e5e0c54328",
                "sha256:822ac7f87fc2fb9b24edd2db390538b60ef50256e421ca30d65250fad5a3d477",
                "sha256:83c7c7534f050cb25383bb817159416601d1cc46c40bc5e851ec8bbddfc34a2f",
                "sha256:88d8f21d1ac205eedb6dea943f8204ed08201b081dba2a966ab5612788b9bb1e",
                "sha256:9ec20a6ded7d0888e767ad029dbb126e604e18db744ac0a428cf746e040ccecd",
                "sha256:9ec220d90eda8bb7a7a1434a8aed4fe26d7e648c1a051c2885f3f5725b6aa71a",
                "sha256:b9069e45b6e78412fba4a314ea38b4a478686060acf470d2b131b3a2c50484ec",
                "sha256:d9ed0955b794f1e5f367e27f8a8ff25501eabe34573f003f06639c366ca75f73",
                "sha256:eaada29bbf087dea7d8bce4d1d604fc768749e8809e9c295922accd7c8fce4d5",
                "sha256:eac23a3e56175b710f3da9a9e8e2aa571891fbec60e0c5a06db1c7b1613b5cfd"
            ],
            "version": "==3.15.6"
        },
        "six": {
            "hashes": [
                "sha256:30639c035cdb23534cd4aa2dd52c3bf48f06e5f4a941509c8bafd8ce11080259",
                "sha256:8b74bedcbbbaca38ff6d7491d76f2b06b3592611af620f8426e82dddb04a5ced"
            ],
            "markers": "python_version >= '2.7' and python_version not in '3.0, 3.1, 3.2, 3.3'",
            "version": "==1.15.0"
        },
        "typing-extensions": {
            "hashes": [
                "sha256:7cb407020f00f7bfc3cb3e7881628838e69d8f3fcab2f64742a5e76b2f841918",
                "sha256:99d4073b617d30288f569d3f13d2bd7548c3a7e4c8de87db09a9d29bb3a4a60c",
                "sha256:dafc7639cde7f1b6e1acc0f457842a83e722ccca8eef5270af2d74792619a89f"
            ],
            "version": "==3.7.4.3"
        }
    },
    "develop": {}
}
